<?xml version="1.0" encoding="utf-8"?>
<Project ToolsVersion="4.0" xmlns="http://schemas.microsoft.com/developer/msbuild/2003">
  <ItemGroup>
    <Filter Include="Source Files">
      <UniqueIdentifier>{4FC737F1-C7A5-4376-A066-2A32D752A2FF}</UniqueIdentifier>
      <Extensions>cpp;c;cc;cxx;def;odl;idl;hpj;bat;asm;asmx</Extensions>
    </Filter>
    <Filter Include="Header Files">
      <UniqueIdentifier>{93995380-89BD-4b04-88EB-625FBE52EBFB}</UniqueIdentifier>
      <Extensions>h;hh;hpp;hxx;hm;inl;inc;xsd</Extensions>
    </Filter>
    <Filter Include="Resource Files">
      <UniqueIdentifier>{67DA6AB6-F800-4c08-8B7A-83BB121AAD01}</UniqueIdentifier>
      <Extensions>rc;ico;cur;bmp;dlg;rc2;rct;bin;rgs;gif;jpg;jpeg;jpe;resx;tiff;tif;png;wav;mfcribbon-ms</Extensions>
    </Filter>
  </ItemGroup>
  <ItemGroup>
    <ClCompile Include="game.cpp">
      <Filter>Source Files</Filter>
    </ClCompile>
    <ClCompile Include="paddle.cpp">
      <Filter>Source Files</Filter>
    </ClCompile>
    <ClCompile Include="ball.cpp">
      <Filter>Source Files</Filter>
    </ClCompile>
    <ClCompile Include="wall.cpp">
      <Filter>Source Files</Filter>
    </ClCompile>
    <ClCompile Include="manager.cpp">
      <Filter>Source Files</Filter>
    </ClCompile>
    <ClCompile Include="brick.cpp">
      <Filter>Source Files</Filter>
    </ClCompile>
  </ItemGroup>
  <ItemGroup>
    <ClInclude Include="paddle.h">
      <Filter>Header Files</Filter>
    </ClInclude>
    <ClInclude Include="ball.h">
      <Filter>Header Files</Filter>
    </ClInclude>
    <ClInclude Include="wall.h">
      <Filter>Header Files</Filter>
    </ClInclude>
    <ClInclude Include="manager.h">
      <Filter>Header Files</Filter>
    </ClInclude>
    <ClInclude Include="brick.h">
      <Filter>Header Files</Filter>
    </ClInclude>
  </ItemGroup>
  <ItemGroup>
    <Media Include="..\..\..\..\OneDrive\Documents\Visual Studio 2017\Projects\Breakout!\Breakout!\ball_lost.wav">
      <Filter>Resource Files</Filter>
    </Media>
    <Media Include="..\..\..\..\OneDrive\Documents\Visual Studio 2017\Projects\Breakout!\Breakout!\break.wav">
      <Filter>Resource Files</Filter>
    </Media>
    <Media Include="..\..\..\..\OneDrive\Documents\Visual Studio 2017\Projects\Breakout!\Breakout!\gameover.wav">
      <Filter>Resource Files</Filter>
    </Media>
    <Media Include="..\..\..\..\OneDrive\Documents\Visual Studio 2017\Projects\Breakout!\Breakout!\level_complete.wav">
      <Filter>Resource Files</Filter>
    </Media>
    <Media Include="..\..\..\..\OneDrive\Documents\Visual Studio 2017\Projects\Breakout!\Breakout!\paddle_bounce.wav">
      <Filter>Resource Files</Filter>
    </Media>
    <Media Include="..\..\..\..\OneDrive\Documents\Visual Studio 2017\Projects\Breakout!\Breakout!\shatter.wav">
      <Filter>Resource Files</Filter>
    </Media>
    <Media Include="..\..\..\..\OneDrive\Documents\Visual Studio 2017\Projects\Breakout!\Breakout!\wall_bounce.wav">
      <Filter>Resource Files</Filter>
    </Media>
  </ItemGroup>
  <ItemGroup>
    <Image Include="..\..\..\..\OneDrive\Documents\Visual Studio 2017\Projects\Breakout!\Breakout!\brick.png">
      <Filter>Resource Files</Filter>
    </Image>
    <Image Include="..\..\..\..\OneDrive\Documents\Visual Studio 2017\Projects\Breakout!\Breakout!\cracked brick.png">
      <Filter>Resource Files</Filter>
    </Image>
  </ItemGroup>
  <ItemGroup>
    <Font Include="..\..\..\..\OneDrive\Documents\Visual Studio 2017\Projects\Breakout!\Breakout!\arial.ttf">
      <Filter>Resource Files</Filter>
    </Font>
  </ItemGroup>
</Project>